
Microsoft Visual Studio Solution File, Format Version 12.00
# Visual Studio Version 17
VisualStudioVersion = 17.7.34024.191
MinimumVisualStudioVersion = 10.0.40219.1
Project("{9A19103F-16F7-4668-BE54-9A1E7A4F7556}") = "Week2", "Week2\Week2.csproj", "{D153B7A8-A003-48EF-8E81-94D3DD982790}"
EndProject
Project("{9A19103F-16F7-4668-BE54-9A1E7A4F7556}") = "UserGenderValidation", "UserGenderValidation\UserGenderValidation.csproj", "{775283B9-111C-4203-ABC7-84D46738A4EE}"
EndProject
Project("{FAE04EC0-301F-11D3-BF4B-00C04F79EFBC}") = "UserAgeValidation", "UserAgeValidation\UserAgeValidation.csproj", "{791DE538-6112-4746-B683-C2EFA3B3665B}"
EndProject
Global
	GlobalSection(SolutionConfigurationPlatforms) = preSolution
		Debug|Any CPU = Debug|Any CPU
		Release|Any CPU = Release|Any CPU
	EndGlobalSection
	GlobalSection(ProjectConfigurationPlatforms) = postSolution
		{D153B7A8-A003-48EF-8E81-94D3DD982790}.Debug|Any CPU.ActiveCfg = Debug|Any CPU
		{D153B7A8-A003-48EF-8E81-94D3DD982790}.Debug|Any CPU.Build.0 = Debug|Any CPU
		{D153B7A8-A003-48EF-8E81-94D3DD982790}.Release|Any CPU.ActiveCfg = Release|Any CPU
		{D153B7A8-A003-48EF-8E81-94D3DD982790}.Release|Any CPU.Build.0 = Release|Any CPU
		{775283B9-111C-4203-ABC7-84D46738A4EE}.Debug|Any CPU.ActiveCfg = Debug|Any CPU
		{775283B9-111C-4203-ABC7-84D46738A4EE}.Debug|Any CPU.Build.0 = Debug|Any CPU
		{775283B9-111C-4203-ABC7-84D46738A4EE}.Release|Any CPU.ActiveCfg = Release|Any CPU
		{775283B9-111C-4203-ABC7-84D46738A4EE}.Release|Any CPU.Build.0 = Release|Any CPU
		{791DE538-6112-4746-B683-C2EFA3B3665B}.Debug|Any CPU.ActiveCfg = Debug|Any CPU
		{791DE538-6112-4746-B683-C2EFA3B3665B}.Debug|Any CPU.Build.0 = Debug|Any CPU
		{791DE538-6112-4746-B683-C2EFA3B3665B}.Release|Any CPU.ActiveCfg = Release|Any CPU
		{791DE538-6112-4746-B683-C2EFA3B3665B}.Release|Any CPU.Build.0 = Release|Any CPU
	EndGlobalSection
	GlobalSection(SolutionProperties) = preSolution
		HideSolutionNode = FALSE
	EndGlobalSection
	GlobalSection(ExtensibilityGlobals) = postSolution
		SolutionGuid = {7B0ED6C2-8B7B-48BB-837B-84D2A6C34537}
	EndGlobalSection
EndGlobal
